// !$*UTF8*$!
{
	archiveVersion = 1;
	classes = {
	};
	objectVersion = 50;
	objects = {

/* Begin PBXBuildFile section */
		A8506DEF25C0A78600509120 /* main.cpp in Sources */ = {isa = PBXBuildFile; fileRef = A8506DEE25C0A78600509120 /* main.cpp */; };
		A8506DF825C0B05200509120 /* StorageClass.cpp in Sources */ = {isa = PBXBuildFile; fileRef = A8506DF625C0B05200509120 /* StorageClass.cpp */; };
		A8506DFC25C0B06000509120 /* StorageClassA.cpp in Sources */ = {isa = PBXBuildFile; fileRef = A8506DFA25C0B06000509120 /* StorageClassA.cpp */; };
		A8506E0025C0BA9600509120 /* StorageClassB.cpp in Sources */ = {isa = PBXBuildFile; fileRef = A8506DFE25C0BA9600509120 /* StorageClassB.cpp */; };
/* End PBXBuildFile section */

/* Begin PBXCopyFilesBuildPhase section */
		A8506DE925C0A78600509120 /* CopyFiles */ = {
			isa = PBXCopyFilesBuildPhase;
			buildActionMask = 2147483647;
			dstPath = /usr/share/man/man1/;
			dstSubfolderSpec = 0;
			files = (
			);
			runOnlyForDeploymentPostprocessing = 1;
		};
/* End PBXCopyFilesBuildPhase section */

/* Begin PBXFileReference section */
		A8506DEB25C0A78600509120 /* JedoxProject */ = {isa = PBXFileReference; explicitFileType = "compiled.mach-o.executable"; includeInIndex = 0; path = JedoxProject; sourceTree = BUILT_PRODUCTS_DIR; };
		A8506DEE25C0A78600509120 /* main.cpp */ = {isa = PBXFileReference; lastKnownFileType = sourcecode.cpp.cpp; path = main.cpp; sourceTree = "<group>"; };
		A8506DF625C0B05200509120 /* StorageClass.cpp */ = {isa = PBXFileReference; lastKnownFileType = sourcecode.cpp.cpp; path = StorageClass.cpp; sourceTree = "<group>"; };
		A8506DF725C0B05200509120 /* StorageClass.hpp */ = {isa = PBXFileReference; lastKnownFileType = sourcecode.cpp.h; path = StorageClass.hpp; sourceTree = "<group>"; };
		A8506DFA25C0B06000509120 /* StorageClassA.cpp */ = {isa = PBXFileReference; lastKnownFileType = sourcecode.cpp.cpp; path = StorageClassA.cpp; sourceTree = "<group>"; };
		A8506DFB25C0B06000509120 /* StorageClassA.hpp */ = {isa = PBXFileReference; lastKnownFileType = sourcecode.cpp.h; path = StorageClassA.hpp; sourceTree = "<group>"; };
		A8506DFE25C0BA9600509120 /* StorageClassB.cpp */ = {isa = PBXFileReference; lastKnownFileType = sourcecode.cpp.cpp; path = StorageClassB.cpp; sourceTree = "<group>"; };
		A8506DFF25C0BA9600509120 /* StorageClassB.hpp */ = {isa = PBXFileReference; lastKnownFileType = sourcecode.cpp.h; path = StorageClassB.hpp; sourceTree = "<group>"; };
/* End PBXFileReference section */

/* Begin PBXFrameworksBuildPhase section */
		A8506DE825C0A78600509120 /* Frameworks */ = {
			isa = PBXFrameworksBuildPhase;
			buildActionMask = 2147483647;
			files = (
			);
			runOnlyForDeploymentPostprocessing = 0;
		};
/* End PBXFrameworksBuildPhase section */

/* Begin PBXGroup section */
		A8506DE225C0A78600509120 = {
			isa = PBXGroup;
			children = (
				A8506DED25C0A78600509120 /* JedoxProject */,
				A8506DEC25C0A78600509120 /* Products */,
			);
			sourceTree = "<group>";
		};
		A8506DEC25C0A78600509120 /* Products */ = {
			isa = PBXGroup;
			children = (
				A8506DEB25C0A78600509120 /* JedoxProject */,
			);
			name = Products;
			sourceTree = "<group>";
		};
		A8506DED25C0A78600509120 /* JedoxProject */ = {
			isa = PBXGroup;
			children = (
				A8506DEE25C0A78600509120 /* main.cpp */,
				A8506DF625C0B05200509120 /* StorageClass.cpp */,
				A8506DF725C0B05200509120 /* StorageClass.hpp */,
				A8506DFA25C0B06000509120 /* StorageClassA.cpp */,
				A8506DFB25C0B06000509120 /* StorageClassA.hpp */,
				A8506DFE25C0BA9600509120 /* StorageClassB.cpp */,
				A8506DFF25C0BA9600509120 /* StorageClassB.hpp */,
			);
			path = JedoxProject;
			sourceTree = "<group>";
		};
/* End PBXGroup section */

/* Begin PBXNativeTarget section */
		A8506DEA25C0A78600509120 /* JedoxProject */ = {
			isa = PBXNativeTarget;
			buildConfigurationList = A8506DF225C0A78600509120 /* Build configuration list for PBXNativeTarget "JedoxProject" */;
			buildPhases = (
				A8506DE725C0A78600509120 /* Sources */,
				A8506DE825C0A78600509120 /* Frameworks */,
				A8506DE925C0A78600509120 /* CopyFiles */,
			);
			buildRules = (
			);
			dependencies = (
			);
			name = JedoxProject;
			productName = JedoxProject;
			productReference = A8506DEB25C0A78600509120 /* JedoxProject */;
			productType = "com.apple.product-type.tool";
		};
/* End PBXNativeTarget section */

/* Begin PBXProject section */
		A8506DE325C0A78600509120 /* Project object */ = {
			isa = PBXProject;
			attributes = {
				LastUpgradeCheck = 1230;
				TargetAttributes = {
					A8506DEA25C0A78600509120 = {
						CreatedOnToolsVersion = 12.3;
					};
				};
			};
			buildConfigurationList = A8506DE625C0A78600509120 /* Build configuration list for PBXProject "JedoxProject" */;
			compatibilityVersion = "Xcode 9.3";
			developmentRegion = en;
			hasScannedForEncodings = 0;
			knownRegions = (
				en,
				Base,
			);
			mainGroup = A8506DE225C0A78600509120;
			productRefGroup = A8506DEC25C0A78600509120 /* Products */;
			projectDirPath = "";
			projectRoot = "";
			targets = (
				A8506DEA25C0A78600509120 /* JedoxProject */,
			);
		};
/* End PBXProject section */

/* Begin PBXSourcesBuildPhase section */
		A8506DE725C0A78600509120 /* Sources */ = {
			isa = PBXSourcesBuildPhase;
			buildActionMask = 2147483647;
			files = (
				A8506DFC25C0B06000509120 /* StorageClassA.cpp in Sources */,
				A8506DF825C0B05200509120 /* StorageClass.cpp in Sources */,
				A8506DEF25C0A78600509120 /* main.cpp in Sources */,
				A8506E0025C0BA9600509120 /* StorageClassB.cpp in Sources */,
			);
			runOnlyForDeploymentPostprocessing = 0;
		};
/* End PBXSourcesBuildPhase section */

/* Begin XCBuildConfiguration section */
		A8506DF025C0A78600509120 /* Debug */ = {
			isa = XCBuildConfiguration;
			buildSettings = {
				ALWAYS_SEARCH_USER_PATHS = NO;
				CLANG_ANALYZER_NONNULL = YES;
				CLANG_ANALYZER_NUMBER_OBJECT_CONVERSION = YES_AGGRESSIVE;
				CLANG_CXX_LANGUAGE_STANDARD = "gnu++14";
				CLANG_CXX_LIBRARY = "libc++";
				CLANG_ENABLE_MODULES = YES;
				CLANG_ENABLE_OBJC_ARC = YES;
				CLANG_ENABLE_OBJC_WEAK = YES;
				CLANG_WARN_BLOCK_CAPTURE_AUTORELEASING = YES;
				CLANG_WARN_BOOL_CONVERSION = YES;
				CLANG_WARN_COMMA = YES;
				CLANG_WARN_CONSTANT_CONVERSION = YES;
				CLANG_WARN_DEPRECATED_OBJC_IMPLEMENTATIONS = YES;
				CLANG_WARN_DIRECT_OBJC_ISA_USAGE = YES_ERROR;
				CLANG_WARN_DOCUMENTATION_COMMENTS = YES;
				CLANG_WARN_EMPTY_BODY = YES;
				CLANG_WARN_ENUM_CONVERSION = YES;
				CLANG_WARN_INFINITE_RECURSION = YES;
				CLANG_WARN_INT_CONVERSION = YES;
				CLANG_WARN_NON_LITERAL_NULL_CONVERSION = YES;
				CLANG_WARN_OBJC_IMPLICIT_RETAIN_SELF = YES;
				CLANG_WARN_OBJC_LITERAL_CONVERSION = YES;
				CLANG_WARN_OBJC_ROOT_CLASS = YES_ERROR;
				CLANG_WARN_QUOTED_INCLUDE_IN_FRAMEWORK_HEADER = YES;
				CLANG_WARN_RANGE_LOOP_ANALYSIS = YES;
				CLANG_WARN_STRICT_PROTOTYPES = YES;
				CLANG_WARN_SUSPICIOUS_MOVE = YES;
				CLANG_WARN_UNGUARDED_AVAILABILITY = YES_AGGRESSIVE;
				CLANG_WARN_UNREACHABLE_CODE = YES;
				CLANG_WARN__DUPLICATE_METHOD_MATCH = YES;
				COPY_PHASE_STRIP = NO;
				DEBUG_INFORMATION_FORMAT = dwarf;
				ENABLE_STRICT_OBJC_MSGSEND = YES;
				ENABLE_TESTABILITY = YES;
				GCC_C_LANGUAGE_STANDARD = gnu11;
				GCC_DYNAMIC_NO_PIC = NO;
				GCC_NO_COMMON_BLOCKS = YES;
				GCC_OPTIMIZATION_LEVEL = 0;
				GCC_PREPROCESSOR_DEFINITIONS = (
					"DEBUG=1",
					"$(inherited)",
				);
				GCC_WARN_64_TO_32_BIT_CONVERSION = YES;
				GCC_WARN_ABOUT_RETURN_TYPE = YES_ERROR;
				GCC_WARN_UNDECLARED_SELECTOR = YES;
				GCC_WARN_UNINITIALIZED_AUTOS = YES_AGGRESSIVE;
				GCC_WARN_UNUSED_FUNCTION = YES;
				GCC_WARN_UNUSED_VARIABLE = YES;
				MACOSX_DEPLOYMENT_TARGET = 10.15;
				MTL_ENABLE_DEBUG_INFO = INCLUDE_SOURCE;
				MTL_FAST_MATH = YES;
				ONLY_ACTIVE_ARCH = YES;
				SDKROOT = macosx;
			};
			name = Debug;
		};
		A8506DF125C0A78600509120 /* Release */ = {
			isa = XCBuildConfiguration;
			buildSettings = {
				ALWAYS_SEARCH_USER_PATHS = NO;
				CLANG_ANALYZER_NONNULL = YES;
				CLANG_ANALYZER_NUMBER_OBJECT_CONVERSION = YES_AGGRESSIVE;
				CLANG_CXX_LANGUAGE_STANDARD = "gnu++14";
				CLANG_CXX_LIBRARY = "libc++";
				CLANG_ENABLE_MODULES = YES;
				CLANG_ENABLE_OBJC_ARC = YES;
				CLANG_ENABLE_OBJC_WEAK = YES;
				CLANG_WARN_BLOCK_CAPTURE_AUTORELEASING = YES;
				CLANG_WARN_BOOL_CONVERSION = YES;
				CLANG_WARN_COMMA = YES;
				CLANG_WARN_CONSTANT_CONVERSION = YES;
				CLANG_WARN_DEPRECATED_OBJC_IMPLEMENTATIONS = YES;
				CLANG_WARN_DIRECT_OBJC_ISA_USAGE = YES_ERROR;
				CLANG_WARN_DOCUMENTATION_COMMENTS = YES;
				CLANG_WARN_EMPTY_BODY = YES;
				CLANG_WARN_ENUM_CONVERSION = YES;
				CLANG_WARN_INFINITE_RECURSION = YES;
				CLANG_WARN_INT_CONVERSION = YES;
				CLANG_WARN_NON_LITERAL_NULL_CONVERSION = YES;
				CLANG_WARN_OBJC_IMPLICIT_RETAIN_SELF = YES;
				CLANG_WARN_OBJC_LITERAL_CONVERSION = YES;
				CLANG_WARN_OBJC_ROOT_CLASS = YES_ERROR;
				CLANG_WARN_QUOTED_INCLUDE_IN_FRAMEWORK_HEADER = YES;
				CLANG_WARN_RANGE_LOOP_ANALYSIS = YES;
				CLANG_WARN_STRICT_PROTOTYPES = YES;
				CLANG_WARN_SUSPICIOUS_MOVE = YES;
				CLANG_WARN_UNGUARDED_AVAILABILITY = YES_AGGRESSIVE;
				CLANG_WARN_UNREACHABLE_CODE = YES;
				CLANG_WARN__DUPLICATE_METHOD_MATCH = YES;
				COPY_PHASE_STRIP = NO;
				DEBUG_INFORMATION_FORMAT = "dwarf-with-dsym";
				ENABLE_NS_ASSERTIONS = NO;
				ENABLE_STRICT_OBJC_MSGSEND = YES;
				GCC_C_LANGUAGE_STANDARD = gnu11;
				GCC_NO_COMMON_BLOCKS = YES;
				GCC_WARN_64_TO_32_BIT_CONVERSION = YES;
				GCC_WARN_ABOUT_RETURN_TYPE = YES_ERROR;
				GCC_WARN_UNDECLARED_SELECTOR = YES;
				GCC_WARN_UNINITIALIZED_AUTOS = YES_AGGRESSIVE;
				GCC_WARN_UNUSED_FUNCTION = YES;
				GCC_WARN_UNUSED_VARIABLE = YES;
				MACOSX_DEPLOYMENT_TARGET = 10.15;
				MTL_ENABLE_DEBUG_INFO = NO;
				MTL_FAST_MATH = YES;
				SDKROOT = macosx;
			};
			name = Release;
		};
		A8506DF325C0A78600509120 /* Debug */ = {
			isa = XCBuildConfiguration;
			buildSettings = {
				CODE_SIGN_STYLE = Automatic;
				DEVELOPMENT_TEAM = SMZAVF62BM;
				ENABLE_HARDENED_RUNTIME = YES;
				PRODUCT_NAME = "$(TARGET_NAME)";
			};
			name = Debug;
		};
		A8506DF425C0A78600509120 /* Release */ = {
			isa = XCBuildConfiguration;
			buildSettings = {
				CODE_SIGN_STYLE = Automatic;
				DEVELOPMENT_TEAM = SMZAVF62BM;
				ENABLE_HARDENED_RUNTIME = YES;
				PRODUCT_NAME = "$(TARGET_NAME)";
			};
			name = Release;
		};
/* End XCBuildConfiguration section */

/* Begin XCConfigurationList section */
		A8506DE625C0A78600509120 /* Build configuration list for PBXProject "JedoxProject" */ = {
			isa = XCConfigurationList;
			buildConfigurations = (
				A8506DF025C0A78600509120 /* Debug */,
				A8506DF125C0A78600509120 /* Release */,
			);
			defaultConfigurationIsVisible = 0;
			defaultConfigurationName = Release;
		};
		A8506DF225C0A78600509120 /* Build configuration list for PBXNativeTarget "JedoxProject" */ = {
			isa = XCConfigurationList;
			buildConfigurations = (
				A8506DF325C0A78600509120 /* Debug */,
				A8506DF425C0A78600509120 /* Release */,
			);
			defaultConfigurationIsVisible = 0;
			defaultConfigurationName = Release;
		};
/* End XCConfigurationList section */
	};
	rootObject = A8506DE325C0A78600509120 /* Project object */;
}
